
Microsoft Visual Studio Solution File, Format Version 12.00
# Visual Studio Version 17
VisualStudioVersion = 17.13.35919.96 d17.13
MinimumVisualStudioVersion = 10.0.40219.1
Project("{FAE04EC0-301F-11D3-BF4B-00C04F79EFBC}") = "Cw_1b", "Cw_1b\Cw_1b.csproj", "{77B485F9-39C2-4925-ACC7-2B750759417C}"
EndProject
Global
	GlobalSection(SolutionConfigurationPlatforms) = preSolution
		Debug|Any CPU = Debug|Any CPU
		Release|Any CPU = Release|Any CPU
	EndGlobalSection
	GlobalSection(ProjectConfigurationPlatforms) = postSolution
		{77B485F9-39C2-4925-ACC7-2B750759417C}.Debug|Any CPU.ActiveCfg = Debug|Any CPU
		{77B485F9-39C2-4925-ACC7-2B750759417C}.Debug|Any CPU.Build.0 = Debug|Any CPU
		{77B485F9-39C2-4925-ACC7-2B750759417C}.Release|Any CPU.ActiveCfg = Release|Any CPU
		{77B485F9-39C2-4925-ACC7-2B750759417C}.Release|Any CPU.Build.0 = Release|Any CPU
	EndGlobalSection
	GlobalSection(SolutionProperties) = preSolution
		HideSolutionNode = FALSE
	EndGlobalSection
	GlobalSection(ExtensibilityGlobals) = postSolution
		SolutionGuid = {99C2EA5D-8472-4144-B065-465C758E6A36}
	EndGlobalSection
EndGlobal
